
Microsoft Visual Studio Solution File, Format Version 12.00
# Visual Studio Version 16
VisualStudioVersion = 16.0.30517.126
MinimumVisualStudioVersion = 10.0.40219.1
Project("{FAE04EC0-301F-11D3-BF4B-00C04F79EFBC}") = "WhileLoop", "WhileLoop\WhileLoop.csproj", "{92B0137B-F7CC-4D00-9CB1-3CC54FAF8CA2}"
EndProject
Project("{FAE04EC0-301F-11D3-BF4B-00C04F79EFBC}") = "PINValidationThreeTries", "PINValidationThreeTries\PINValidationThreeTries.csproj", "{35AF3148-7D1A-4CAA-A6FB-DBB1592C7619}"
EndProject
Project("{FAE04EC0-301F-11D3-BF4B-00C04F79EFBC}") = "LoginValidation", "LoginValidation\LoginValidation.csproj", "{EBC2A9F9-8503-45EF-914E-2CE06BE28C17}"
EndProject
Global
	GlobalSection(SolutionConfigurationPlatforms) = preSolution
		Debug|Any CPU = Debug|Any CPU
		Release|Any CPU = Release|Any CPU
	EndGlobalSection
	GlobalSection(ProjectConfigurationPlatforms) = postSolution
		{92B0137B-F7CC-4D00-9CB1-3CC54FAF8CA2}.Debug|Any CPU.ActiveCfg = Debug|Any CPU
		{92B0137B-F7CC-4D00-9CB1-3CC54FAF8CA2}.Debug|Any CPU.Build.0 = Debug|Any CPU
		{92B0137B-F7CC-4D00-9CB1-3CC54FAF8CA2}.Release|Any CPU.ActiveCfg = Release|Any CPU
		{92B0137B-F7CC-4D00-9CB1-3CC54FAF8CA2}.Release|Any CPU.Build.0 = Release|Any CPU
		{35AF3148-7D1A-4CAA-A6FB-DBB1592C7619}.Debug|Any CPU.ActiveCfg = Debug|Any CPU
		{35AF3148-7D1A-4CAA-A6FB-DBB1592C7619}.Debug|Any CPU.Build.0 = Debug|Any CPU
		{35AF3148-7D1A-4CAA-A6FB-DBB1592C7619}.Release|Any CPU.ActiveCfg = Release|Any CPU
		{35AF3148-7D1A-4CAA-A6FB-DBB1592C7619}.Release|Any CPU.Build.0 = Release|Any CPU
		{EBC2A9F9-8503-45EF-914E-2CE06BE28C17}.Debug|Any CPU.ActiveCfg = Debug|Any CPU
		{EBC2A9F9-8503-45EF-914E-2CE06BE28C17}.Debug|Any CPU.Build.0 = Debug|Any CPU
		{EBC2A9F9-8503-45EF-914E-2CE06BE28C17}.Release|Any CPU.ActiveCfg = Release|Any CPU
		{EBC2A9F9-8503-45EF-914E-2CE06BE28C17}.Release|Any CPU.Build.0 = Release|Any CPU
	EndGlobalSection
	GlobalSection(SolutionProperties) = preSolution
		HideSolutionNode = FALSE
	EndGlobalSection
	GlobalSection(ExtensibilityGlobals) = postSolution
		SolutionGuid = {89F76CF3-1B1F-4F0E-AF50-DA3DB519FC44}
	EndGlobalSection
EndGlobal
